
Microsoft Visual Studio Solution File, Format Version 12.00
# Visual Studio 15
VisualStudioVersion = 15.0.27130.2010
MinimumVisualStudioVersion = 10.0.40219.1
Project("{FAE04EC0-301F-11D3-BF4B-00C04F79EFBC}") = "portfolioUmbraco", "portfolioUmbraco\portfolioUmbraco.csproj", "{68C1299C-D783-4587-B526-A30CF7743C94}"
EndProject
Global
	GlobalSection(SolutionConfigurationPlatforms) = preSolution
		Debug|Any CPU = Debug|Any CPU
		Release|Any CPU = Release|Any CPU
	EndGlobalSection
	GlobalSection(ProjectConfigurationPlatforms) = postSolution
		{68C1299C-D783-4587-B526-A30CF7743C94}.Debug|Any CPU.ActiveCfg = Debug|Any CPU
		{68C1299C-D783-4587-B526-A30CF7743C94}.Debug|Any CPU.Build.0 = Debug|Any CPU
		{68C1299C-D783-4587-B526-A30CF7743C94}.Release|Any CPU.ActiveCfg = Release|Any CPU
		{68C1299C-D783-4587-B526-A30CF7743C94}.Release|Any CPU.Build.0 = Release|Any CPU
	EndGlobalSection
	GlobalSection(SolutionProperties) = preSolution
		HideSolutionNode = FALSE
	EndGlobalSection
	GlobalSection(ExtensibilityGlobals) = postSolution
		SolutionGuid = {F152A35C-9565-459A-8DB6-1AE4420D770D}
	EndGlobalSection
EndGlobal
